github.com/imfing/hextra v0.3.0 h1:+JMYIhQ1HwXO4HoJDeSf57oyIecaoY+6O/p0l0p9T18=
github.com/imfing/hextra v0.3.0/go.mod h1:cEfel3lU/bSx7lTE/+uuR4GJaphyOyiwNR3PTqFTXpI=
github.com/imfing/hextra v0.4.0 h1:IwPL9eRAn2ukdhgaJHe5fPm1L/U0c5i5JkyPkyOZ9Qk=
github.com/imfing/hextra v0.4.0/go.mod h1:cEfel3lU/bSx7lTE/+uuR4GJaphyOyiwNR3PTqFTXpI=
github.com/imfing/hextra v0.5.0 h1:uVUmtqx7UivuA6oCVSKkaM/YGcLuIA9P8j8mmCDg4hU=
github.com/imfing/hextra v0.5.0/go.mod h1:cEfel3lU/bSx7lTE/+uuR4GJaphyOyiwNR3PTqFTXpI=
github.com/imfing/hextra v0.5.1 h1:/IUv+wfYUjxwj3VolVgDFYY0NjuuRP3Hlx6B8ckOAYg=
github.com/imfing/hextra v0.5.1/go.mod h1:cEfel3lU/bSx7lTE/+uuR4GJaphyOyiwNR3PTqFTXpI=
github.com/imfing/hextra v0.5.2 h1:ak88BRsxTLjf3JO8jcHfFFzIvZAW0XTzA9IWOdkPmXQ=
github.com/imfing/hextra v0.5.2/go.mod h1:cEfel3lU/bSx7lTE/+uuR4GJaphyOyiwNR3PTqFTXpI=
github.com/imfing/hextra v0.6.1 h1:l2PGNO3OgfYGrLcA74ngwVqxj00wg4tBwUHtemSPggw=
github.com/imfing/hextra v0.6.1/go.mod h1:cEfel3lU/bSx7lTE/+uuR4GJaphyOyiwNR3PTqFTXpI=
github.com/imfing/hextra v0.6.5 h1:1hRZsZp6J/dum0VEUH4gHP9Zi5sPMtyAaRuxMt1HuiM=
github.com/imfing/hextra v0.6.5/go.mod h1:cEfel3lU/bSx7lTE/+uuR4GJaphyOyiwNR3PTqFTXpI=
github.com/imfing/hextra v0.7.0 h1:4kK/R5Uks+LvZII4P4/bOGoTHxmM2MSRYLlRjhFCJDo=
github.com/imfing/hextra v0.7.0/go.mod h1:cEfel3lU/bSx7lTE/+uuR4GJaphyOyiwNR3PTqFTXpI=
